// !$*UTF8*$!
{
	archiveVersion = 1;
	classes = {
	};
	objectVersion = 56;
	objects = {

/* Begin PBXBuildFile section */
		CD884FE82ACD5B9A00B62B58 /* habit_trackingApp.swift in Sources */ = {isa = PBXBuildFile; fileRef = CD884FE72ACD5B9A00B62B58 /* habit_trackingApp.swift */; };
		CD884FEA2ACD5B9A00B62B58 /* ContentView.swift in Sources */ = {isa = PBXBuildFile; fileRef = CD884FE92ACD5B9A00B62B58 /* ContentView.swift */; };
		CD884FEC2ACD5B9B00B62B58 /* Assets.xcassets in Resources */ = {isa = PBXBuildFile; fileRef = CD884FEB2ACD5B9B00B62B58 /* Assets.xcassets */; };
		CD884FEF2ACD5B9B00B62B58 /* Preview Assets.xcassets in Resources */ = {isa = PBXBuildFile; fileRef = CD884FEE2ACD5B9B00B62B58 /* Preview Assets.xcassets */; };
		CD884FF62ACD604F00B62B58 /* AddHabitView.swift in Sources */ = {isa = PBXBuildFile; fileRef = CD884FF52ACD604F00B62B58 /* AddHabitView.swift */; };
		CD884FF82ACD64AA00B62B58 /* HabitsItem.swift in Sources */ = {isa = PBXBuildFile; fileRef = CD884FF72ACD64AA00B62B58 /* HabitsItem.swift */; };
		CD884FFA2ACD652000B62B58 /* Habits.swift in Sources */ = {isa = PBXBuildFile; fileRef = CD884FF92ACD652000B62B58 /* Habits.swift */; };
		CD884FFC2ACD763D00B62B58 /* HabitDetailView.swift in Sources */ = {isa = PBXBuildFile; fileRef = CD884FFB2ACD763D00B62B58 /* HabitDetailView.swift */; };
/* End PBXBuildFile section */

/* Begin PBXFileReference section */
		CD884FE42ACD5B9A00B62B58 /* habit-tracking.app */ = {isa = PBXFileReference; explicitFileType = wrapper.application; includeInIndex = 0; path = "habit-tracking.app"; sourceTree = BUILT_PRODUCTS_DIR; };
		CD884FE72ACD5B9A00B62B58 /* habit_trackingApp.swift */ = {isa = PBXFileReference; lastKnownFileType = sourcecode.swift; path = habit_trackingApp.swift; sourceTree = "<group>"; };
		CD884FE92ACD5B9A00B62B58 /* ContentView.swift */ = {isa = PBXFileReference; lastKnownFileType = sourcecode.swift; path = ContentView.swift; sourceTree = "<group>"; };
		CD884FEB2ACD5B9B00B62B58 /* Assets.xcassets */ = {isa = PBXFileReference; lastKnownFileType = folder.assetcatalog; path = Assets.xcassets; sourceTree = "<group>"; };
		CD884FEE2ACD5B9B00B62B58 /* Preview Assets.xcassets */ = {isa = PBXFileReference; lastKnownFileType = folder.assetcatalog; path = "Preview Assets.xcassets"; sourceTree = "<group>"; };
		CD884FF52ACD604F00B62B58 /* AddHabitView.swift */ = {isa = PBXFileReference; lastKnownFileType = sourcecode.swift; path = AddHabitView.swift; sourceTree = "<group>"; };
		CD884FF72ACD64AA00B62B58 /* HabitsItem.swift */ = {isa = PBXFileReference; lastKnownFileType = sourcecode.swift; path = HabitsItem.swift; sourceTree = "<group>"; };
		CD884FF92ACD652000B62B58 /* Habits.swift */ = {isa = PBXFileReference; lastKnownFileType = sourcecode.swift; path = Habits.swift; sourceTree = "<group>"; };
		CD884FFB2ACD763D00B62B58 /* HabitDetailView.swift */ = {isa = PBXFileReference; lastKnownFileType = sourcecode.swift; path = HabitDetailView.swift; sourceTree = "<group>"; };
/* End PBXFileReference section */

/* Begin PBXFrameworksBuildPhase section */
		CD884FE12ACD5B9A00B62B58 /* Frameworks */ = {
			isa = PBXFrameworksBuildPhase;
			buildActionMask = 2147483647;
			files = (
			);
			runOnlyForDeploymentPostprocessing = 0;
		};
/* End PBXFrameworksBuildPhase section */

/* Begin PBXGroup section */
		CD884FDB2ACD5B9900B62B58 = {
			isa = PBXGroup;
			children = (
				CD884FE62ACD5B9A00B62B58 /* habit-tracking */,
				CD884FE52ACD5B9A00B62B58 /* Products */,
			);
			sourceTree = "<group>";
		};
		CD884FE52ACD5B9A00B62B58 /* Products */ = {
			isa = PBXGroup;
			children = (
				CD884FE42ACD5B9A00B62B58 /* habit-tracking.app */,
			);
			name = Products;
			sourceTree = "<group>";
		};
		CD884FE62ACD5B9A00B62B58 /* habit-tracking */ = {
			isa = PBXGroup;
			children = (
				CD884FE72ACD5B9A00B62B58 /* habit_trackingApp.swift */,
				CD884FE92ACD5B9A00B62B58 /* ContentView.swift */,
				CD884FFB2ACD763D00B62B58 /* HabitDetailView.swift */,
				CD884FF52ACD604F00B62B58 /* AddHabitView.swift */,
				CD884FF72ACD64AA00B62B58 /* HabitsItem.swift */,
				CD884FF92ACD652000B62B58 /* Habits.swift */,
				CD884FEB2ACD5B9B00B62B58 /* Assets.xcassets */,
				CD884FED2ACD5B9B00B62B58 /* Preview Content */,
			);
			path = "habit-tracking";
			sourceTree = "<group>";
		};
		CD884FED2ACD5B9B00B62B58 /* Preview Content */ = {
			isa = PBXGroup;
			children = (
				CD884FEE2ACD5B9B00B62B58 /* Preview Assets.xcassets */,
			);
			path = "Preview Content";
			sourceTree = "<group>";
		};
/* End PBXGroup section */

/* Begin PBXNativeTarget section */
		CD884FE32ACD5B9A00B62B58 /* habit-tracking */ = {
			isa = PBXNativeTarget;
			buildConfigurationList = CD884FF22ACD5B9B00B62B58 /* Build configuration list for PBXNativeTarget "habit-tracking" */;
			buildPhases = (
				CD884FE02ACD5B9A00B62B58 /* Sources */,
				CD884FE12ACD5B9A00B62B58 /* Frameworks */,
				CD884FE22ACD5B9A00B62B58 /* Resources */,
			);
			buildRules = (
			);
			dependencies = (
			);
			name = "habit-tracking";
			productName = "habit-tracking";
			productReference = CD884FE42ACD5B9A00B62B58 /* habit-tracking.app */;
			productType = "com.apple.product-type.application";
		};
/* End PBXNativeTarget section */

/* Begin PBXProject section */
		CD884FDC2ACD5B9900B62B58 /* Project object */ = {
			isa = PBXProject;
			attributes = {
				BuildIndependentTargetsInParallel = 1;
				LastSwiftUpdateCheck = 1430;
				LastUpgradeCheck = 1430;
				TargetAttributes = {
					CD884FE32ACD5B9A00B62B58 = {
						CreatedOnToolsVersion = 14.3.1;
					};
				};
			};
			buildConfigurationList = CD884FDF2ACD5B9900B62B58 /* Build configuration list for PBXProject "habit-tracking" */;
			compatibilityVersion = "Xcode 14.0";
			developmentRegion = en;
			hasScannedForEncodings = 0;
			knownRegions = (
				en,
				Base,
			);
			mainGroup = CD884FDB2ACD5B9900B62B58;
			productRefGroup = CD884FE52ACD5B9A00B62B58 /* Products */;
			projectDirPath = "";
			projectRoot = "";
			targets = (
				CD884FE32ACD5B9A00B62B58 /* habit-tracking */,
			);
		};
/* End PBXProject section */

/* Begin PBXResourcesBuildPhase section */
		CD884FE22ACD5B9A00B62B58 /* Resources */ = {
			isa = PBXResourcesBuildPhase;
			buildActionMask = 2147483647;
			files = (
				CD884FEF2ACD5B9B00B62B58 /* Preview Assets.xcassets in Resources */,
				CD884FEC2ACD5B9B00B62B58 /* Assets.xcassets in Resources */,
			);
			runOnlyForDeploymentPostprocessing = 0;
		};
/* End PBXResourcesBuildPhase section */

/* Begin PBXSourcesBuildPhase section */
		CD884FE02ACD5B9A00B62B58 /* Sources */ = {
			isa = PBXSourcesBuildPhase;
			buildActionMask = 2147483647;
			files = (
				CD884FEA2ACD5B9A00B62B58 /* ContentView.swift in Sources */,
				CD884FFA2ACD652000B62B58 /* Habits.swift in Sources */,
				CD884FFC2ACD763D00B62B58 /* HabitDetailView.swift in Sources */,
				CD884FF82ACD64AA00B62B58 /* HabitsItem.swift in Sources */,
				CD884FE82ACD5B9A00B62B58 /* habit_trackingApp.swift in Sources */,
				CD884FF62ACD604F00B62B58 /* AddHabitView.swift in Sources */,
			);
			runOnlyForDeploymentPostprocessing = 0;
		};
/* End PBXSourcesBuildPhase section */

/* Begin XCBuildConfiguration section */
		CD884FF02ACD5B9B00B62B58 /* Debug */ = {
			isa = XCBuildConfiguration;
			buildSettings = {
				ALWAYS_SEARCH_USER_PATHS = NO;
				CLANG_ANALYZER_NONNULL = YES;
				CLANG_ANALYZER_NUMBER_OBJECT_CONVERSION = YES_AGGRESSIVE;
				CLANG_CXX_LANGUAGE_STANDARD = "gnu++20";
				CLANG_ENABLE_MODULES = YES;
				CLANG_ENABLE_OBJC_ARC = YES;
				CLANG_ENABLE_OBJC_WEAK = YES;
				CLANG_WARN_BLOCK_CAPTURE_AUTORELEASING = YES;
				CLANG_WARN_BOOL_CONVERSION = YES;
				CLANG_WARN_COMMA = YES;
				CLANG_WARN_CONSTANT_CONVERSION = YES;
				CLANG_WARN_DEPRECATED_OBJC_IMPLEMENTATIONS = YES;
				CLANG_WARN_DIRECT_OBJC_ISA_USAGE = YES_ERROR;
				CLANG_WARN_DOCUMENTATION_COMMENTS = YES;
				CLANG_WARN_EMPTY_BODY = YES;
				CLANG_WARN_ENUM_CONVERSION = YES;
				CLANG_WARN_INFINITE_RECURSION = YES;
				CLANG_WARN_INT_CONVERSION = YES;
				CLANG_WARN_NON_LITERAL_NULL_CONVERSION = YES;
				CLANG_WARN_OBJC_IMPLICIT_RETAIN_SELF = YES;
				CLANG_WARN_OBJC_LITERAL_CONVERSION = YES;
				CLANG_WARN_OBJC_ROOT_CLASS = YES_ERROR;
				CLANG_WARN_QUOTED_INCLUDE_IN_FRAMEWORK_HEADER = YES;
				CLANG_WARN_RANGE_LOOP_ANALYSIS = YES;
				CLANG_WARN_STRICT_PROTOTYPES = YES;
				CLANG_WARN_SUSPICIOUS_MOVE = YES;
				CLANG_WARN_UNGUARDED_AVAILABILITY = YES_AGGRESSIVE;
				CLANG_WARN_UNREACHABLE_CODE = YES;
				CLANG_WARN__DUPLICATE_METHOD_MATCH = YES;
				COPY_PHASE_STRIP = NO;
				DEBUG_INFORMATION_FORMAT = dwarf;
				ENABLE_STRICT_OBJC_MSGSEND = YES;
				ENABLE_TESTABILITY = YES;
				GCC_C_LANGUAGE_STANDARD = gnu11;
				GCC_DYNAMIC_NO_PIC = NO;
				GCC_NO_COMMON_BLOCKS = YES;
				GCC_OPTIMIZATION_LEVEL = 0;
				GCC_PREPROCESSOR_DEFINITIONS = (
					"DEBUG=1",
					"$(inherited)",
				);
				GCC_WARN_64_TO_32_BIT_CONVERSION = YES;
				GCC_WARN_ABOUT_RETURN_TYPE = YES_ERROR;
				GCC_WARN_UNDECLARED_SELECTOR = YES;
				GCC_WARN_UNINITIALIZED_AUTOS = YES_AGGRESSIVE;
				GCC_WARN_UNUSED_FUNCTION = YES;
				GCC_WARN_UNUSED_VARIABLE = YES;
				IPHONEOS_DEPLOYMENT_TARGET = 16.4;
				MTL_ENABLE_DEBUG_INFO = INCLUDE_SOURCE;
				MTL_FAST_MATH = YES;
				ONLY_ACTIVE_ARCH = YES;
				SDKROOT = iphoneos;
				SWIFT_ACTIVE_COMPILATION_CONDITIONS = DEBUG;
				SWIFT_OPTIMIZATION_LEVEL = "-Onone";
			};
			name = Debug;
		};
		CD884FF12ACD5B9B00B62B58 /* Release */ = {
			isa = XCBuildConfiguration;
			buildSettings = {
				ALWAYS_SEARCH_USER_PATHS = NO;
				CLANG_ANALYZER_NONNULL = YES;
				CLANG_ANALYZER_NUMBER_OBJECT_CONVERSION = YES_AGGRESSIVE;
				CLANG_CXX_LANGUAGE_STANDARD = "gnu++20";
				CLANG_ENABLE_MODULES = YES;
				CLANG_ENABLE_OBJC_ARC = YES;
				CLANG_ENABLE_OBJC_WEAK = YES;
				CLANG_WARN_BLOCK_CAPTURE_AUTORELEASING = YES;
				CLANG_WARN_BOOL_CONVERSION = YES;
				CLANG_WARN_COMMA = YES;
				CLANG_WARN_CONSTANT_CONVERSION = YES;
				CLANG_WARN_DEPRECATED_OBJC_IMPLEMENTATIONS = YES;
				CLANG_WARN_DIRECT_OBJC_ISA_USAGE = YES_ERROR;
				CLANG_WARN_DOCUMENTATION_COMMENTS = YES;
				CLANG_WARN_EMPTY_BODY = YES;
				CLANG_WARN_ENUM_CONVERSION = YES;
				CLANG_WARN_INFINITE_RECURSION = YES;
				CLANG_WARN_INT_CONVERSION = YES;
				CLANG_WARN_NON_LITERAL_NULL_CONVERSION = YES;
				CLANG_WARN_OBJC_IMPLICIT_RETAIN_SELF = YES;
				CLANG_WARN_OBJC_LITERAL_CONVERSION = YES;
				CLANG_WARN_OBJC_ROOT_CLASS = YES_ERROR;
				CLANG_WARN_QUOTED_INCLUDE_IN_FRAMEWORK_HEADER = YES;
				CLANG_WARN_RANGE_LOOP_ANALYSIS = YES;
				CLANG_WARN_STRICT_PROTOTYPES = YES;
				CLANG_WARN_SUSPICIOUS_MOVE = YES;
				CLANG_WARN_UNGUARDED_AVAILABILITY = YES_AGGRESSIVE;
				CLANG_WARN_UNREACHABLE_CODE = YES;
				CLANG_WARN__DUPLICATE_METHOD_MATCH = YES;
				COPY_PHASE_STRIP = NO;
				DEBUG_INFORMATION_FORMAT = "dwarf-with-dsym";
				ENABLE_NS_ASSERTIONS = NO;
				ENABLE_STRICT_OBJC_MSGSEND = YES;
				GCC_C_LANGUAGE_STANDARD = gnu11;
				GCC_NO_COMMON_BLOCKS = YES;
				GCC_WARN_64_TO_32_BIT_CONVERSION = YES;
				GCC_WARN_ABOUT_RETURN_TYPE = YES_ERROR;
				GCC_WARN_UNDECLARED_SELECTOR = YES;
				GCC_WARN_UNINITIALIZED_AUTOS = YES_AGGRESSIVE;
				GCC_WARN_UNUSED_FUNCTION = YES;
				GCC_WARN_UNUSED_VARIABLE = YES;
				IPHONEOS_DEPLOYMENT_TARGET = 16.4;
				MTL_ENABLE_DEBUG_INFO = NO;
				MTL_FAST_MATH = YES;
				SDKROOT = iphoneos;
				SWIFT_COMPILATION_MODE = wholemodule;
				SWIFT_OPTIMIZATION_LEVEL = "-O";
				VALIDATE_PRODUCT = YES;
			};
			name = Release;
		};
		CD884FF32ACD5B9B00B62B58 /* Debug */ = {
			isa = XCBuildConfiguration;
			buildSettings = {
				ASSETCATALOG_COMPILER_APPICON_NAME = AppIcon;
				ASSETCATALOG_COMPILER_GLOBAL_ACCENT_COLOR_NAME = AccentColor;
				CODE_SIGN_STYLE = Automatic;
				CURRENT_PROJECT_VERSION = 1;
				DEVELOPMENT_ASSET_PATHS = "\"habit-tracking/Preview Content\"";
				ENABLE_PREVIEWS = YES;
				GENERATE_INFOPLIST_FILE = YES;
				INFOPLIST_KEY_UIApplicationSceneManifest_Generation = YES;
				INFOPLIST_KEY_UIApplicationSupportsIndirectInputEvents = YES;
				INFOPLIST_KEY_UILaunchScreen_Generation = YES;
				INFOPLIST_KEY_UISupportedInterfaceOrientations_iPad = "UIInterfaceOrientationPortrait UIInterfaceOrientationPortraitUpsideDown UIInterfaceOrientationLandscapeLeft UIInterfaceOrientationLandscapeRight";
				INFOPLIST_KEY_UISupportedInterfaceOrientations_iPhone = "UIInterfaceOrientationPortrait UIInterfaceOrientationLandscapeLeft UIInterfaceOrientationLandscapeRight";
				LD_RUNPATH_SEARCH_PATHS = (
					"$(inherited)",
					"@executable_path/Frameworks",
				);
				MARKETING_VERSION = 1.0;
				PRODUCT_BUNDLE_IDENTIFIER = "me.fahmi.muhammad.habit-tracking";
				PRODUCT_NAME = "$(TARGET_NAME)";
				SWIFT_EMIT_LOC_STRINGS = YES;
				SWIFT_VERSION = 5.0;
				TARGETED_DEVICE_FAMILY = "1,2";
			};
			name = Debug;
		};
		CD884FF42ACD5B9B00B62B58 /* Release */ = {
			isa = XCBuildConfiguration;
			buildSettings = {
				ASSETCATALOG_COMPILER_APPICON_NAME = AppIcon;
				ASSETCATALOG_COMPILER_GLOBAL_ACCENT_COLOR_NAME = AccentColor;
				CODE_SIGN_STYLE = Automatic;
				CURRENT_PROJECT_VERSION = 1;
				DEVELOPMENT_ASSET_PATHS = "\"habit-tracking/Preview Content\"";
				ENABLE_PREVIEWS = YES;
				GENERATE_INFOPLIST_FILE = YES;
				INFOPLIST_KEY_UIApplicationSceneManifest_Generation = YES;
				INFOPLIST_KEY_UIApplicationSupportsIndirectInputEvents = YES;
				INFOPLIST_KEY_UILaunchScreen_Generation = YES;
				INFOPLIST_KEY_UISupportedInterfaceOrientations_iPad = "UIInterfaceOrientationPortrait UIInterfaceOrientationPortraitUpsideDown UIInterfaceOrientationLandscapeLeft UIInterfaceOrientationLandscapeRight";
				INFOPLIST_KEY_UISupportedInterfaceOrientations_iPhone = "UIInterfaceOrientationPortrait UIInterfaceOrientationLandscapeLeft UIInterfaceOrientationLandscapeRight";
				LD_RUNPATH_SEARCH_PATHS = (
					"$(inherited)",
					"@executable_path/Frameworks",
				);
				MARKETING_VERSION = 1.0;
				PRODUCT_BUNDLE_IDENTIFIER = "me.fahmi.muhammad.habit-tracking";
				PRODUCT_NAME = "$(TARGET_NAME)";
				SWIFT_EMIT_LOC_STRINGS = YES;
				SWIFT_VERSION = 5.0;
				TARGETED_DEVICE_FAMILY = "1,2";
			};
			name = Release;
		};
/* End XCBuildConfiguration section */

/* Begin XCConfigurationList section */
		CD884FDF2ACD5B9900B62B58 /* Build configuration list for PBXProject "habit-tracking" */ = {
			isa = XCConfigurationList;
			buildConfigurations = (
				CD884FF02ACD5B9B00B62B58 /* Debug */,
				CD884FF12ACD5B9B00B62B58 /* Release */,
			);
			defaultConfigurationIsVisible = 0;
			defaultConfigurationName = Release;
		};
		CD884FF22ACD5B9B00B62B58 /* Build configuration list for PBXNativeTarget "habit-tracking" */ = {
			isa = XCConfigurationList;
			buildConfigurations = (
				CD884FF32ACD5B9B00B62B58 /* Debug */,
				CD884FF42ACD5B9B00B62B58 /* Release */,
			);
			defaultConfigurationIsVisible = 0;
			defaultConfigurationName = Release;
		};
/* End XCConfigurationList section */
	};
	rootObject = CD884FDC2ACD5B9900B62B58 /* Project object */;
}
